// !$*UTF8*$!
{
	archiveVersion = 1;
	classes = {
	};
	objectVersion = 46;
	objects = {

/* Begin PBXBuildFile section */
		5008C50319C5A5640027A5BA /* Foundation.framework in Frameworks */ = {isa = PBXBuildFile; fileRef = 5008C50219C5A5640027A5BA /* Foundation.framework */; };
		5008C50519C5A5640027A5BA /* CoreGraphics.framework in Frameworks */ = {isa = PBXBuildFile; fileRef = 5008C50419C5A5640027A5BA /* CoreGraphics.framework */; };
		5008C50719C5A5640027A5BA /* UIKit.framework in Frameworks */ = {isa = PBXBuildFile; fileRef = 5008C50619C5A5640027A5BA /* UIKit.framework */; };
		5008C50D19C5A5640027A5BA /* InfoPlist.strings in Resources */ = {isa = PBXBuildFile; fileRef = 5008C50B19C5A5640027A5BA /* InfoPlist.strings */; };
		5008C50F19C5A5640027A5BA /* main.m in Sources */ = {isa = PBXBuildFile; fileRef = 5008C50E19C5A5640027A5BA /* main.m */; };
		5008C51319C5A5640027A5BA /* AppDelegate.m in Sources */ = {isa = PBXBuildFile; fileRef = 5008C51219C5A5640027A5BA /* AppDelegate.m */; };
		5008C51619C5A5640027A5BA /* Main.storyboard in Resources */ = {isa = PBXBuildFile; fileRef = 5008C51419C5A5640027A5BA /* Main.storyboard */; };
		5008C51919C5A5640027A5BA /* CalculatorViewController.m in Sources */ = {isa = PBXBuildFile; fileRef = 5008C51819C5A5640027A5BA /* CalculatorViewController.m */; };
		5008C51B19C5A5640027A5BA /* Images.xcassets in Resources */ = {isa = PBXBuildFile; fileRef = 5008C51A19C5A5640027A5BA /* Images.xcassets */; };
		5008C52219C5A5640027A5BA /* XCTest.framework in Frameworks */ = {isa = PBXBuildFile; fileRef = 5008C52119C5A5640027A5BA /* XCTest.framework */; };
		5008C52319C5A5640027A5BA /* Foundation.framework in Frameworks */ = {isa = PBXBuildFile; fileRef = 5008C50219C5A5640027A5BA /* Foundation.framework */; };
		5008C52419C5A5640027A5BA /* UIKit.framework in Frameworks */ = {isa = PBXBuildFile; fileRef = 5008C50619C5A5640027A5BA /* UIKit.framework */; };
		5008C52C19C5A5640027A5BA /* InfoPlist.strings in Resources */ = {isa = PBXBuildFile; fileRef = 5008C52A19C5A5640027A5BA /* InfoPlist.strings */; };
		5008C52E19C5A5640027A5BA /* CalculatorTests.m in Sources */ = {isa = PBXBuildFile; fileRef = 5008C52D19C5A5640027A5BA /* CalculatorTests.m */; };
		5086565D19C691F400A27BE8 /* CalculateExpression.m in Sources */ = {isa = PBXBuildFile; fileRef = 5086565C19C691F400A27BE8 /* CalculateExpression.m */; };
/* End PBXBuildFile section */

/* Begin PBXContainerItemProxy section */
		5008C52519C5A5640027A5BA /* PBXContainerItemProxy */ = {
			isa = PBXContainerItemProxy;
			containerPortal = 5008C4F719C5A5630027A5BA /* Project object */;
			proxyType = 1;
			remoteGlobalIDString = 5008C4FE19C5A5640027A5BA;
			remoteInfo = Calculator;
		};
/* End PBXContainerItemProxy section */

/* Begin PBXFileReference section */
		5008C4FF19C5A5640027A5BA /* Calculator.app */ = {isa = PBXFileReference; explicitFileType = wrapper.application; includeInIndex = 0; path = Calculator.app; sourceTree = BUILT_PRODUCTS_DIR; };
		5008C50219C5A5640027A5BA /* Foundation.framework */ = {isa = PBXFileReference; lastKnownFileType = wrapper.framework; name = Foundation.framework; path = System/Library/Frameworks/Foundation.framework; sourceTree = SDKROOT; };
		5008C50419C5A5640027A5BA /* CoreGraphics.framework */ = {isa = PBXFileReference; lastKnownFileType = wrapper.framework; name = CoreGraphics.framework; path = System/Library/Frameworks/CoreGraphics.framework; sourceTree = SDKROOT; };
		5008C50619C5A5640027A5BA /* UIKit.framework */ = {isa = PBXFileReference; lastKnownFileType = wrapper.framework; name = UIKit.framework; path = System/Library/Frameworks/UIKit.framework; sourceTree = SDKROOT; };
		5008C50A19C5A5640027A5BA /* Calculator-Info.plist */ = {isa = PBXFileReference; lastKnownFileType = text.plist.xml; path = "Calculator-Info.plist"; sourceTree = "<group>"; };
		5008C50C19C5A5640027A5BA /* en */ = {isa = PBXFileReference; lastKnownFileType = text.plist.strings; name = en; path = en.lproj/InfoPlist.strings; sourceTree = "<group>"; };
		5008C50E19C5A5640027A5BA /* main.m */ = {isa = PBXFileReference; lastKnownFileType = sourcecode.c.objc; path = main.m; sourceTree = "<group>"; };
		5008C51019C5A5640027A5BA /* Calculator-Prefix.pch */ = {isa = PBXFileReference; lastKnownFileType = sourcecode.c.h; path = "Calculator-Prefix.pch"; sourceTree = "<group>"; };
		5008C51119C5A5640027A5BA /* AppDelegate.h */ = {isa = PBXFileReference; lastKnownFileType = sourcecode.c.h; path = AppDelegate.h; sourceTree = "<group>"; };
		5008C51219C5A5640027A5BA /* AppDelegate.m */ = {isa = PBXFileReference; lastKnownFileType = sourcecode.c.objc; path = AppDelegate.m; sourceTree = "<group>"; };
		5008C51519C5A5640027A5BA /* Base */ = {isa = PBXFileReference; lastKnownFileType = file.storyboard; name = Base; path = Base.lproj/Main.storyboard; sourceTree = "<group>"; };
		5008C51719C5A5640027A5BA /* CalculatorViewController.h */ = {isa = PBXFileReference; lastKnownFileType = sourcecode.c.h; path = CalculatorViewController.h; sourceTree = "<group>"; };
		5008C51819C5A5640027A5BA /* CalculatorViewController.m */ = {isa = PBXFileReference; lastKnownFileType = sourcecode.c.objc; path = CalculatorViewController.m; sourceTree = "<group>"; };
		5008C51A19C5A5640027A5BA /* Images.xcassets */ = {isa = PBXFileReference; lastKnownFileType = folder.assetcatalog; path = Images.xcassets; sourceTree = "<group>"; };
		5008C52019C5A5640027A5BA /* CalculatorTests.xctest */ = {isa = PBXFileReference; explicitFileType = wrapper.cfbundle; includeInIndex = 0; path = CalculatorTests.xctest; sourceTree = BUILT_PRODUCTS_DIR; };
		5008C52119C5A5640027A5BA /* XCTest.framework */ = {isa = PBXFileReference; lastKnownFileType = wrapper.framework; name = XCTest.framework; path = Library/Frameworks/XCTest.framework; sourceTree = DEVELOPER_DIR; };
		5008C52919C5A5640027A5BA /* CalculatorTests-Info.plist */ = {isa = PBXFileReference; lastKnownFileType = text.plist.xml; path = "CalculatorTests-Info.plist"; sourceTree = "<group>"; };
		5008C52B19C5A5640027A5BA /* en */ = {isa = PBXFileReference; lastKnownFileType = text.plist.strings; name = en; path = en.lproj/InfoPlist.strings; sourceTree = "<group>"; };
		5008C52D19C5A5640027A5BA /* CalculatorTests.m */ = {isa = PBXFileReference; lastKnownFileType = sourcecode.c.objc; path = CalculatorTests.m; sourceTree = "<group>"; };
		5086565B19C691F400A27BE8 /* CalculateExpression.h */ = {isa = PBXFileReference; fileEncoding = 4; lastKnownFileType = sourcecode.c.h; path = CalculateExpression.h; sourceTree = "<group>"; };
		5086565C19C691F400A27BE8 /* CalculateExpression.m */ = {isa = PBXFileReference; fileEncoding = 4; lastKnownFileType = sourcecode.c.objc; path = CalculateExpression.m; sourceTree = "<group>"; };
		5086565F19C6A39B00A27BE8 /* CalculatorViewControllerProtocol.h */ = {isa = PBXFileReference; lastKnownFileType = sourcecode.c.h; path = CalculatorViewControllerProtocol.h; sourceTree = "<group>"; };
/* End PBXFileReference section */

/* Begin PBXFrameworksBuildPhase section */
		5008C4FC19C5A5640027A5BA /* Frameworks */ = {
			isa = PBXFrameworksBuildPhase;
			buildActionMask = 2147483647;
			files = (
				5008C50519C5A5640027A5BA /* CoreGraphics.framework in Frameworks */,
				5008C50719C5A5640027A5BA /* UIKit.framework in Frameworks */,
				5008C50319C5A5640027A5BA /* Foundation.framework in Frameworks */,
			);
			runOnlyForDeploymentPostprocessing = 0;
		};
		5008C51D19C5A5640027A5BA /* Frameworks */ = {
			isa = PBXFrameworksBuildPhase;
			buildActionMask = 2147483647;
			files = (
				5008C52219C5A5640027A5BA /* XCTest.framework in Frameworks */,
				5008C52419C5A5640027A5BA /* UIKit.framework in Frameworks */,
				5008C52319C5A5640027A5BA /* Foundation.framework in Frameworks */,
			);
			runOnlyForDeploymentPostprocessing = 0;
		};
/* End PBXFrameworksBuildPhase section */

/* Begin PBXGroup section */
		5008C4F619C5A5630027A5BA = {
			isa = PBXGroup;
			children = (
				5008C50819C5A5640027A5BA /* Calculator */,
				5008C52719C5A5640027A5BA /* CalculatorTests */,
				5008C50119C5A5640027A5BA /* Frameworks */,
				5008C50019C5A5640027A5BA /* Products */,
			);
			sourceTree = "<group>";
		};
		5008C50019C5A5640027A5BA /* Products */ = {
			isa = PBXGroup;
			children = (
				5008C4FF19C5A5640027A5BA /* Calculator.app */,
				5008C52019C5A5640027A5BA /* CalculatorTests.xctest */,
			);
			name = Products;
			sourceTree = "<group>";
		};
		5008C50119C5A5640027A5BA /* Frameworks */ = {
			isa = PBXGroup;
			children = (
				5008C50219C5A5640027A5BA /* Foundation.framework */,
				5008C50419C5A5640027A5BA /* CoreGraphics.framework */,
				5008C50619C5A5640027A5BA /* UIKit.framework */,
				5008C52119C5A5640027A5BA /* XCTest.framework */,
			);
			name = Frameworks;
			sourceTree = "<group>";
		};
		5008C50819C5A5640027A5BA /* Calculator */ = {
			isa = PBXGroup;
			children = (
				5008C51119C5A5640027A5BA /* AppDelegate.h */,
				5008C51219C5A5640027A5BA /* AppDelegate.m */,
				5008C51419C5A5640027A5BA /* Main.storyboard */,
				5008C51719C5A5640027A5BA /* CalculatorViewController.h */,
				5008C51819C5A5640027A5BA /* CalculatorViewController.m */,
				5086566019C6D6DF00A27BE8 /* Сalculation */,
				5008C51A19C5A5640027A5BA /* Images.xcassets */,
				5008C50919C5A5640027A5BA /* Supporting Files */,
			);
			path = Calculator;
			sourceTree = "<group>";
		};
		5008C50919C5A5640027A5BA /* Supporting Files */ = {
			isa = PBXGroup;
			children = (
				5008C50A19C5A5640027A5BA /* Calculator-Info.plist */,
				5008C50B19C5A5640027A5BA /* InfoPlist.strings */,
				5008C50E19C5A5640027A5BA /* main.m */,
				5008C51019C5A5640027A5BA /* Calculator-Prefix.pch */,
			);
			name = "Supporting Files";
			sourceTree = "<group>";
		};
		5008C52719C5A5640027A5BA /* CalculatorTests */ = {
			isa = PBXGroup;
			children = (
				5008C52D19C5A5640027A5BA /* CalculatorTests.m */,
				5008C52819C5A5640027A5BA /* Supporting Files */,
			);
			path = CalculatorTests;
			sourceTree = "<group>";
		};
		5008C52819C5A5640027A5BA /* Supporting Files */ = {
			isa = PBXGroup;
			children = (
				5008C52919C5A5640027A5BA /* CalculatorTests-Info.plist */,
				5008C52A19C5A5640027A5BA /* InfoPlist.strings */,
			);
			name = "Supporting Files";
			sourceTree = "<group>";
		};
		5086566019C6D6DF00A27BE8 /* Сalculation */ = {
			isa = PBXGroup;
			children = (
				5086565B19C691F400A27BE8 /* CalculateExpression.h */,
				5086565C19C691F400A27BE8 /* CalculateExpression.m */,
				5086566119C6D6F700A27BE8 /* Protocols */,
			);
			name = "Сalculation";
			sourceTree = "<group>";
		};
		5086566119C6D6F700A27BE8 /* Protocols */ = {
			isa = PBXGroup;
			children = (
				5086565F19C6A39B00A27BE8 /* CalculatorViewControllerProtocol.h */,
			);
			name = Protocols;
			sourceTree = "<group>";
		};
/* End PBXGroup section */

/* Begin PBXNativeTarget section */
		5008C4FE19C5A5640027A5BA /* Calculator */ = {
			isa = PBXNativeTarget;
			buildConfigurationList = 5008C53119C5A5640027A5BA /* Build configuration list for PBXNativeTarget "Calculator" */;
			buildPhases = (
				5008C4FB19C5A5640027A5BA /* Sources */,
				5008C4FC19C5A5640027A5BA /* Frameworks */,
				5008C4FD19C5A5640027A5BA /* Resources */,
			);
			buildRules = (
			);
			dependencies = (
			);
			name = Calculator;
			productName = Calculator;
			productReference = 5008C4FF19C5A5640027A5BA /* Calculator.app */;
			productType = "com.apple.product-type.application";
		};
		5008C51F19C5A5640027A5BA /* CalculatorTests */ = {
			isa = PBXNativeTarget;
			buildConfigurationList = 5008C53419C5A5640027A5BA /* Build configuration list for PBXNativeTarget "CalculatorTests" */;
			buildPhases = (
				5008C51C19C5A5640027A5BA /* Sources */,
				5008C51D19C5A5640027A5BA /* Frameworks */,
				5008C51E19C5A5640027A5BA /* Resources */,
			);
			buildRules = (
			);
			dependencies = (
				5008C52619C5A5640027A5BA /* PBXTargetDependency */,
			);
			name = CalculatorTests;
			productName = CalculatorTests;
			productReference = 5008C52019C5A5640027A5BA /* CalculatorTests.xctest */;
			productType = "com.apple.product-type.bundle.unit-test";
		};
/* End PBXNativeTarget section */

/* Begin PBXProject section */
		5008C4F719C5A5630027A5BA /* Project object */ = {
			isa = PBXProject;
			attributes = {
				LastUpgradeCheck = 0510;
				ORGANIZATIONNAME = "Ivan Magda";
				TargetAttributes = {
					5008C51F19C5A5640027A5BA = {
						TestTargetID = 5008C4FE19C5A5640027A5BA;
					};
				};
			};
			buildConfigurationList = 5008C4FA19C5A5630027A5BA /* Build configuration list for PBXProject "Calculator" */;
			compatibilityVersion = "Xcode 3.2";
			developmentRegion = English;
			hasScannedForEncodings = 0;
			knownRegions = (
				en,
				Base,
			);
			mainGroup = 5008C4F619C5A5630027A5BA;
			productRefGroup = 5008C50019C5A5640027A5BA /* Products */;
			projectDirPath = "";
			projectRoot = "";
			targets = (
				5008C4FE19C5A5640027A5BA /* Calculator */,
				5008C51F19C5A5640027A5BA /* CalculatorTests */,
			);
		};
/* End PBXProject section */

/* Begin PBXResourcesBuildPhase section */
		5008C4FD19C5A5640027A5BA /* Resources */ = {
			isa = PBXResourcesBuildPhase;
			buildActionMask = 2147483647;
			files = (
				5008C51B19C5A5640027A5BA /* Images.xcassets in Resources */,
				5008C50D19C5A5640027A5BA /* InfoPlist.strings in Resources */,
				5008C51619C5A5640027A5BA /* Main.storyboard in Resources */,
			);
			runOnlyForDeploymentPostprocessing = 0;
		};
		5008C51E19C5A5640027A5BA /* Resources */ = {
			isa = PBXResourcesBuildPhase;
			buildActionMask = 2147483647;
			files = (
				5008C52C19C5A5640027A5BA /* InfoPlist.strings in Resources */,
			);
			runOnlyForDeploymentPostprocessing = 0;
		};
/* End PBXResourcesBuildPhase section */

/* Begin PBXSourcesBuildPhase section */
		5008C4FB19C5A5640027A5BA /* Sources */ = {
			isa = PBXSourcesBuildPhase;
			buildActionMask = 2147483647;
			files = (
				5008C51919C5A5640027A5BA /* CalculatorViewController.m in Sources */,
				5008C51319C5A5640027A5BA /* AppDelegate.m in Sources */,
				5086565D19C691F400A27BE8 /* CalculateExpression.m in Sources */,
				5008C50F19C5A5640027A5BA /* main.m in Sources */,
			);
			runOnlyForDeploymentPostprocessing = 0;
		};
		5008C51C19C5A5640027A5BA /* Sources */ = {
			isa = PBXSourcesBuildPhase;
			buildActionMask = 2147483647;
			files = (
				5008C52E19C5A5640027A5BA /* CalculatorTests.m in Sources */,
			);
			runOnlyForDeploymentPostprocessing = 0;
		};
/* End PBXSourcesBuildPhase section */

/* Begin PBXTargetDependency section */
		5008C52619C5A5640027A5BA /* PBXTargetDependency */ = {
			isa = PBXTargetDependency;
			target = 5008C4FE19C5A5640027A5BA /* Calculator */;
			targetProxy = 5008C52519C5A5640027A5BA /* PBXContainerItemProxy */;
		};
/* End PBXTargetDependency section */

/* Begin PBXVariantGroup section */
		5008C50B19C5A5640027A5BA /* InfoPlist.strings */ = {
			isa = PBXVariantGroup;
			children = (
				5008C50C19C5A5640027A5BA /* en */,
			);
			name = InfoPlist.strings;
			sourceTree = "<group>";
		};
		5008C51419C5A5640027A5BA /* Main.storyboard */ = {
			isa = PBXVariantGroup;
			children = (
				5008C51519C5A5640027A5BA /* Base */,
			);
			name = Main.storyboard;
			sourceTree = "<group>";
		};
		5008C52A19C5A5640027A5BA /* InfoPlist.strings */ = {
			isa = PBXVariantGroup;
			children = (
				5008C52B19C5A5640027A5BA /* en */,
			);
			name = InfoPlist.strings;
			sourceTree = "<group>";
		};
/* End PBXVariantGroup section */

/* Begin XCBuildConfiguration section */
		5008C52F19C5A5640027A5BA /* Debug */ = {
			isa = XCBuildConfiguration;
			buildSettings = {
				ALWAYS_SEARCH_USER_PATHS = NO;
				CLANG_CXX_LANGUAGE_STANDARD = "gnu++0x";
				CLANG_CXX_LIBRARY = "libc++";
				CLANG_ENABLE_MODULES = YES;
				CLANG_ENABLE_OBJC_ARC = YES;
				CLANG_WARN_BOOL_CONVERSION = YES;
				CLANG_WARN_CONSTANT_CONVERSION = YES;
				CLANG_WARN_DIRECT_OBJC_ISA_USAGE = YES_ERROR;
				CLANG_WARN_EMPTY_BODY = YES;
				CLANG_WARN_ENUM_CONVERSION = YES;
				CLANG_WARN_INT_CONVERSION = YES;
				CLANG_WARN_OBJC_ROOT_CLASS = YES_ERROR;
				CLANG_WARN__DUPLICATE_METHOD_MATCH = YES;
				"CODE_SIGN_IDENTITY[sdk=iphoneos*]" = "iPhone Developer";
				COPY_PHASE_STRIP = NO;
				GCC_C_LANGUAGE_STANDARD = gnu99;
				GCC_DYNAMIC_NO_PIC = NO;
				GCC_OPTIMIZATION_LEVEL = 0;
				GCC_PREPROCESSOR_DEFINITIONS = (
					"DEBUG=1",
					"$(inherited)",
				);
				GCC_SYMBOLS_PRIVATE_EXTERN = NO;
				GCC_WARN_64_TO_32_BIT_CONVERSION = YES;
				GCC_WARN_ABOUT_RETURN_TYPE = YES_ERROR;
				GCC_WARN_UNDECLARED_SELECTOR = YES;
				GCC_WARN_UNINITIALIZED_AUTOS = YES_AGGRESSIVE;
				GCC_WARN_UNUSED_FUNCTION = YES;
				GCC_WARN_UNUSED_VARIABLE = YES;
				IPHONEOS_DEPLOYMENT_TARGET = 7.1;
				ONLY_ACTIVE_ARCH = YES;
				SDKROOT = iphoneos;
			};
			name = Debug;
		};
		5008C53019C5A5640027A5BA /* Release */ = {
			isa = XCBuildConfiguration;
			buildSettings = {
				ALWAYS_SEARCH_USER_PATHS = NO;
				CLANG_CXX_LANGUAGE_STANDARD = "gnu++0x";
				CLANG_CXX_LIBRARY = "libc++";
				CLANG_ENABLE_MODULES = YES;
				CLANG_ENABLE_OBJC_ARC = YES;
				CLANG_WARN_BOOL_CONVERSION = YES;
				CLANG_WARN_CONSTANT_CONVERSION = YES;
				CLANG_WARN_DIRECT_OBJC_ISA_USAGE = YES_ERROR;
				CLANG_WARN_EMPTY_BODY = YES;
				CLANG_WARN_ENUM_CONVERSION = YES;
				CLANG_WARN_INT_CONVERSION = YES;
				CLANG_WARN_OBJC_ROOT_CLASS = YES_ERROR;
				CLANG_WARN__DUPLICATE_METHOD_MATCH = YES;
				"CODE_SIGN_IDENTITY[sdk=iphoneos*]" = "iPhone Developer";
				COPY_PHASE_STRIP = YES;
				ENABLE_NS_ASSERTIONS = NO;
				GCC_C_LANGUAGE_STANDARD = gnu99;
				GCC_WARN_64_TO_32_BIT_CONVERSION = YES;
				GCC_WARN_ABOUT_RETURN_TYPE = YES_ERROR;
				GCC_WARN_UNDECLARED_SELECTOR = YES;
				GCC_WARN_UNINITIALIZED_AUTOS = YES_AGGRESSIVE;
				GCC_WARN_UNUSED_FUNCTION = YES;
				GCC_WARN_UNUSED_VARIABLE = YES;
				IPHONEOS_DEPLOYMENT_TARGET = 7.1;
				SDKROOT = iphoneos;
				VALIDATE_PRODUCT = YES;
			};
			name = Release;
		};
		5008C53219C5A5640027A5BA /* Debug */ = {
			isa = XCBuildConfiguration;
			buildSettings = {
				ASSETCATALOG_COMPILER_APPICON_NAME = AppIcon;
				ASSETCATALOG_COMPILER_LAUNCHIMAGE_NAME = LaunchImage;
				GCC_PRECOMPILE_PREFIX_HEADER = YES;
				GCC_PREFIX_HEADER = "Calculator/Calculator-Prefix.pch";
				INFOPLIST_FILE = "Calculator/Calculator-Info.plist";
				PRODUCT_NAME = "$(TARGET_NAME)";
				WRAPPER_EXTENSION = app;
			};
			name = Debug;
		};
		5008C53319C5A5640027A5BA /* Release */ = {
			isa = XCBuildConfiguration;
			buildSettings = {
				ASSETCATALOG_COMPILER_APPICON_NAME = AppIcon;
				ASSETCATALOG_COMPILER_LAUNCHIMAGE_NAME = LaunchImage;
				GCC_PRECOMPILE_PREFIX_HEADER = YES;
				GCC_PREFIX_HEADER = "Calculator/Calculator-Prefix.pch";
				INFOPLIST_FILE = "Calculator/Calculator-Info.plist";
				PRODUCT_NAME = "$(TARGET_NAME)";
				WRAPPER_EXTENSION = app;
			};
			name = Release;
		};
		5008C53519C5A5640027A5BA /* Debug */ = {
			isa = XCBuildConfiguration;
			buildSettings = {
				BUNDLE_LOADER = "$(BUILT_PRODUCTS_DIR)/Calculator.app/Calculator";
				FRAMEWORK_SEARCH_PATHS = (
					"$(SDKROOT)/Developer/Library/Frameworks",
					"$(inherited)",
					"$(DEVELOPER_FRAMEWORKS_DIR)",
				);
				GCC_PRECOMPILE_PREFIX_HEADER = YES;
				GCC_PREFIX_HEADER = "Calculator/Calculator-Prefix.pch";
				GCC_PREPROCESSOR_DEFINITIONS = (
					"DEBUG=1",
					"$(inherited)",
				);
				INFOPLIST_FILE = "CalculatorTests/CalculatorTests-Info.plist";
				PRODUCT_NAME = "$(TARGET_NAME)";
				TEST_HOST = "$(BUNDLE_LOADER)";
				WRAPPER_EXTENSION = xctest;
			};
			name = Debug;
		};
		5008C53619C5A5640027A5BA /* Release */ = {
			isa = XCBuildConfiguration;
			buildSettings = {
				BUNDLE_LOADER = "$(BUILT_PRODUCTS_DIR)/Calculator.app/Calculator";
				FRAMEWORK_SEARCH_PATHS = (
					"$(SDKROOT)/Developer/Library/Frameworks",
					"$(inherited)",
					"$(DEVELOPER_FRAMEWORKS_DIR)",
				);
				GCC_PRECOMPILE_PREFIX_HEADER = YES;
				GCC_PREFIX_HEADER = "Calculator/Calculator-Prefix.pch";
				INFOPLIST_FILE = "CalculatorTests/CalculatorTests-Info.plist";
				PRODUCT_NAME = "$(TARGET_NAME)";
				TEST_HOST = "$(BUNDLE_LOADER)";
				WRAPPER_EXTENSION = xctest;
			};
			name = Release;
		};
/* End XCBuildConfiguration section */

/* Begin XCConfigurationList section */
		5008C4FA19C5A5630027A5BA /* Build configuration list for PBXProject "Calculator" */ = {
			isa = XCConfigurationList;
			buildConfigurations = (
				5008C52F19C5A5640027A5BA /* Debug */,
				5008C53019C5A5640027A5BA /* Release */,
			);
			defaultConfigurationIsVisible = 0;
			defaultConfigurationName = Release;
		};
		5008C53119C5A5640027A5BA /* Build configuration list for PBXNativeTarget "Calculator" */ = {
			isa = XCConfigurationList;
			buildConfigurations = (
				5008C53219C5A5640027A5BA /* Debug */,
				5008C53319C5A5640027A5BA /* Release */,
			);
			defaultConfigurationIsVisible = 0;
			defaultConfigurationName = Release;
		};
		5008C53419C5A5640027A5BA /* Build configuration list for PBXNativeTarget "CalculatorTests" */ = {
			isa = XCConfigurationList;
			buildConfigurations = (
				5008C53519C5A5640027A5BA /* Debug */,
				5008C53619C5A5640027A5BA /* Release */,
			);
			defaultConfigurationIsVisible = 0;
			defaultConfigurationName = Release;
		};
/* End XCConfigurationList section */
	};
	rootObject = 5008C4F719C5A5630027A5BA /* Project object */;
}
